
Microsoft Visual Studio Solution File, Format Version 12.00
# Visual Studio Version 18
VisualStudioVersion = 18.5.11723.231 stable
MinimumVisualStudioVersion = 10.0.40219.1
Project("{FAE04EC0-301F-11D3-BF4B-00C04F79EFBC}") = "LocalAiClient", "LocalAiClient.csproj", "{94217101-116F-EC09-E90F-FF292F407266}"
EndProject
Global
	GlobalSection(SolutionConfigurationPlatforms) = preSolution
		Debug|Any CPU = Debug|Any CPU
		Release|Any CPU = Release|Any CPU
	EndGlobalSection
	GlobalSection(ProjectConfigurationPlatforms) = postSolution
		{94217101-116F-EC09-E90F-FF292F407266}.Debug|Any CPU.ActiveCfg = Debug|Any CPU
		{94217101-116F-EC09-E90F-FF292F407266}.Debug|Any CPU.Build.0 = Debug|Any CPU
		{94217101-116F-EC09-E90F-FF292F407266}.Release|Any CPU.ActiveCfg = Release|Any CPU
		{94217101-116F-EC09-E90F-FF292F407266}.Release|Any CPU.Build.0 = Release|Any CPU
	EndGlobalSection
	GlobalSection(SolutionProperties) = preSolution
		HideSolutionNode = FALSE
	EndGlobalSection
	GlobalSection(ExtensibilityGlobals) = postSolution
		SolutionGuid = {D6780357-516D-44CF-8FFD-FA704FE56755}
	EndGlobalSection
EndGlobal
